// !$*UTF8*$!
{
	archiveVersion = 1;
	classes = {
	};
	objectVersion = 46;
	objects = {

/* Begin PBXBuildFile section */
		0D83AC1D19F4D7540016DC1A /* main.m in Sources */ = {isa = PBXBuildFile; fileRef = 0D83AC1C19F4D7540016DC1A /* main.m */; };
		0D83AC2019F4D7540016DC1A /* AppDelegate.m in Sources */ = {isa = PBXBuildFile; fileRef = 0D83AC1F19F4D7540016DC1A /* AppDelegate.m */; };
		0D83AC2319F4D7540016DC1A /* ViewController.m in Sources */ = {isa = PBXBuildFile; fileRef = 0D83AC2219F4D7540016DC1A /* ViewController.m */; };
		0D83AC2619F4D7540016DC1A /* Main.storyboard in Resources */ = {isa = PBXBuildFile; fileRef = 0D83AC2419F4D7540016DC1A /* Main.storyboard */; };
		0D83AC2819F4D7540016DC1A /* Images.xcassets in Resources */ = {isa = PBXBuildFile; fileRef = 0D83AC2719F4D7540016DC1A /* Images.xcassets */; };
		0D83AC2B19F4D7540016DC1A /* LaunchScreen.xib in Resources */ = {isa = PBXBuildFile; fileRef = 0D83AC2919F4D7540016DC1A /* LaunchScreen.xib */; };
		0D83AC3719F4D7540016DC1A /* SimpleDemoTests.m in Sources */ = {isa = PBXBuildFile; fileRef = 0D83AC3619F4D7540016DC1A /* SimpleDemoTests.m */; };
		0D93D39119F62A30003046C1 /* ExternalAccessory.framework in Frameworks */ = {isa = PBXBuildFile; fileRef = 0D93D39019F62A30003046C1 /* ExternalAccessory.framework */; };
		0D93D39519F634BB003046C1 /* CoreBluetooth.framework in Frameworks */ = {isa = PBXBuildFile; fileRef = 0D93D39419F634BB003046C1 /* CoreBluetooth.framework */; };
		59A696421A306DD0006E52C3 /* AudioToolbox.framework in Frameworks */ = {isa = PBXBuildFile; fileRef = 59A696411A306DD0006E52C3 /* AudioToolbox.framework */; };
		59A696441A3075A9006E52C3 /* wakeSound.mp3 in Resources */ = {isa = PBXBuildFile; fileRef = 59A696431A3075A9006E52C3 /* wakeSound.mp3 */; };
		59A696461A3078DA006E52C3 /* AVFoundation.framework in Frameworks */ = {isa = PBXBuildFile; fileRef = 59A696451A3078DA006E52C3 /* AVFoundation.framework */; };
		E4B5F7431A1C910300863F7D /* libSDK.a in Frameworks */ = {isa = PBXBuildFile; fileRef = E4B5F7421A1C910300863F7D /* libSDK.a */; };
/* End PBXBuildFile section */

/* Begin PBXContainerItemProxy section */
		0D83AC3119F4D7540016DC1A /* PBXContainerItemProxy */ = {
			isa = PBXContainerItemProxy;
			containerPortal = 0D83AC0F19F4D7540016DC1A /* Project object */;
			proxyType = 1;
			remoteGlobalIDString = 0D83AC1619F4D7540016DC1A;
			remoteInfo = SimpleDemo;
		};
/* End PBXContainerItemProxy section */

/* Begin PBXFileReference section */
		0D83AC1719F4D7540016DC1A /* SimpleDemo.app */ = {isa = PBXFileReference; explicitFileType = wrapper.application; includeInIndex = 0; path = SimpleDemo.app; sourceTree = BUILT_PRODUCTS_DIR; };
		0D83AC1B19F4D7540016DC1A /* Info.plist */ = {isa = PBXFileReference; lastKnownFileType = text.plist.xml; path = Info.plist; sourceTree = "<group>"; };
		0D83AC1C19F4D7540016DC1A /* main.m */ = {isa = PBXFileReference; lastKnownFileType = sourcecode.c.objc; path = main.m; sourceTree = "<group>"; };
		0D83AC1E19F4D7540016DC1A /* AppDelegate.h */ = {isa = PBXFileReference; lastKnownFileType = sourcecode.c.h; path = AppDelegate.h; sourceTree = "<group>"; };
		0D83AC1F19F4D7540016DC1A /* AppDelegate.m */ = {isa = PBXFileReference; lastKnownFileType = sourcecode.c.objc; path = AppDelegate.m; sourceTree = "<group>"; };
		0D83AC2119F4D7540016DC1A /* ViewController.h */ = {isa = PBXFileReference; lastKnownFileType = sourcecode.c.h; path = ViewController.h; sourceTree = "<group>"; };
		0D83AC2219F4D7540016DC1A /* ViewController.m */ = {isa = PBXFileReference; lastKnownFileType = sourcecode.c.objc; path = ViewController.m; sourceTree = "<group>"; };
		0D83AC2519F4D7540016DC1A /* Base */ = {isa = PBXFileReference; lastKnownFileType = file.storyboard; name = Base; path = Base.lproj/Main.storyboard; sourceTree = "<group>"; };
		0D83AC2719F4D7540016DC1A /* Images.xcassets */ = {isa = PBXFileReference; lastKnownFileType = folder.assetcatalog; path = Images.xcassets; sourceTree = "<group>"; };
		0D83AC2A19F4D7540016DC1A /* Base */ = {isa = PBXFileReference; lastKnownFileType = file.xib; name = Base; path = Base.lproj/LaunchScreen.xib; sourceTree = "<group>"; };
		0D83AC3019F4D7540016DC1A /* SimpleDemoTests.xctest */ = {isa = PBXFileReference; explicitFileType = wrapper.cfbundle; includeInIndex = 0; path = SimpleDemoTests.xctest; sourceTree = BUILT_PRODUCTS_DIR; };
		0D83AC3519F4D7540016DC1A /* Info.plist */ = {isa = PBXFileReference; lastKnownFileType = text.plist.xml; path = Info.plist; sourceTree = "<group>"; };
		0D83AC3619F4D7540016DC1A /* SimpleDemoTests.m */ = {isa = PBXFileReference; lastKnownFileType = sourcecode.c.objc; path = SimpleDemoTests.m; sourceTree = "<group>"; };
		0D83AC4919F4FB9C0016DC1A /* libSDK.a */ = {isa = PBXFileReference; lastKnownFileType = archive.ar; name = libSDK.a; path = "../../../../Library/Developer/Xcode/DerivedData/HVC_C_SDK-cidccgdhtzezvfewbiyamydhruhd/Build/Products/Debug-iphoneos/libSDK.a"; sourceTree = "<group>"; };
		0D93D39019F62A30003046C1 /* ExternalAccessory.framework */ = {isa = PBXFileReference; lastKnownFileType = wrapper.framework; name = ExternalAccessory.framework; path = System/Library/Frameworks/ExternalAccessory.framework; sourceTree = SDKROOT; };
		0D93D39219F62A30003046C1 /* SimpleDemo.entitlements */ = {isa = PBXFileReference; lastKnownFileType = text.xml; path = SimpleDemo.entitlements; sourceTree = "<group>"; };
		0D93D39419F634BB003046C1 /* CoreBluetooth.framework */ = {isa = PBXFileReference; lastKnownFileType = wrapper.framework; name = CoreBluetooth.framework; path = System/Library/Frameworks/CoreBluetooth.framework; sourceTree = SDKROOT; };
		59A696411A306DD0006E52C3 /* AudioToolbox.framework */ = {isa = PBXFileReference; lastKnownFileType = wrapper.framework; name = AudioToolbox.framework; path = System/Library/Frameworks/AudioToolbox.framework; sourceTree = SDKROOT; };
		59A696431A3075A9006E52C3 /* wakeSound.mp3 */ = {isa = PBXFileReference; lastKnownFileType = audio.mp3; path = wakeSound.mp3; sourceTree = "<group>"; };
		59A696451A3078DA006E52C3 /* AVFoundation.framework */ = {isa = PBXFileReference; lastKnownFileType = wrapper.framework; name = AVFoundation.framework; path = System/Library/Frameworks/AVFoundation.framework; sourceTree = SDKROOT; };
		E4B5F7421A1C910300863F7D /* libSDK.a */ = {isa = PBXFileReference; lastKnownFileType = archive.ar; name = libSDK.a; path = bin/libSDK.a; sourceTree = "<group>"; };
/* End PBXFileReference section */

/* Begin PBXFrameworksBuildPhase section */
		0D83AC1419F4D7540016DC1A /* Frameworks */ = {
			isa = PBXFrameworksBuildPhase;
			buildActionMask = 2147483647;
			files = (
				59A696461A3078DA006E52C3 /* AVFoundation.framework in Frameworks */,
				59A696421A306DD0006E52C3 /* AudioToolbox.framework in Frameworks */,
				E4B5F7431A1C910300863F7D /* libSDK.a in Frameworks */,
				0D93D39519F634BB003046C1 /* CoreBluetooth.framework in Frameworks */,
				0D93D39119F62A30003046C1 /* ExternalAccessory.framework in Frameworks */,
			);
			runOnlyForDeploymentPostprocessing = 0;
		};
		0D83AC2D19F4D7540016DC1A /* Frameworks */ = {
			isa = PBXFrameworksBuildPhase;
			buildActionMask = 2147483647;
			files = (
			);
			runOnlyForDeploymentPostprocessing = 0;
		};
/* End PBXFrameworksBuildPhase section */

/* Begin PBXGroup section */
		0D83AC0E19F4D7540016DC1A = {
			isa = PBXGroup;
			children = (
				59A696451A3078DA006E52C3 /* AVFoundation.framework */,
				59A696411A306DD0006E52C3 /* AudioToolbox.framework */,
				E4B5F7421A1C910300863F7D /* libSDK.a */,
				0D93D39419F634BB003046C1 /* CoreBluetooth.framework */,
				0D93D39019F62A30003046C1 /* ExternalAccessory.framework */,
				0D83AC4919F4FB9C0016DC1A /* libSDK.a */,
				0D83AC1919F4D7540016DC1A /* SimpleDemo */,
				0D83AC3319F4D7540016DC1A /* SimpleDemoTests */,
				0D83AC1819F4D7540016DC1A /* Products */,
			);
			sourceTree = "<group>";
		};
		0D83AC1819F4D7540016DC1A /* Products */ = {
			isa = PBXGroup;
			children = (
				0D83AC1719F4D7540016DC1A /* SimpleDemo.app */,
				0D83AC3019F4D7540016DC1A /* SimpleDemoTests.xctest */,
			);
			name = Products;
			sourceTree = "<group>";
		};
		0D83AC1919F4D7540016DC1A /* SimpleDemo */ = {
			isa = PBXGroup;
			children = (
				0D93D39219F62A30003046C1 /* SimpleDemo.entitlements */,
				0D83AC1E19F4D7540016DC1A /* AppDelegate.h */,
				0D83AC1F19F4D7540016DC1A /* AppDelegate.m */,
				0D83AC2119F4D7540016DC1A /* ViewController.h */,
				0D83AC2219F4D7540016DC1A /* ViewController.m */,
				0D83AC2419F4D7540016DC1A /* Main.storyboard */,
				0D83AC2719F4D7540016DC1A /* Images.xcassets */,
				0D83AC2919F4D7540016DC1A /* LaunchScreen.xib */,
				0D83AC1A19F4D7540016DC1A /* Supporting Files */,
			);
			path = SimpleDemo;
			sourceTree = "<group>";
		};
		0D83AC1A19F4D7540016DC1A /* Supporting Files */ = {
			isa = PBXGroup;
			children = (
				59A696431A3075A9006E52C3 /* wakeSound.mp3 */,
				0D83AC1B19F4D7540016DC1A /* Info.plist */,
				0D83AC1C19F4D7540016DC1A /* main.m */,
			);
			name = "Supporting Files";
			sourceTree = "<group>";
		};
		0D83AC3319F4D7540016DC1A /* SimpleDemoTests */ = {
			isa = PBXGroup;
			children = (
				0D83AC3619F4D7540016DC1A /* SimpleDemoTests.m */,
				0D83AC3419F4D7540016DC1A /* Supporting Files */,
			);
			path = SimpleDemoTests;
			sourceTree = "<group>";
		};
		0D83AC3419F4D7540016DC1A /* Supporting Files */ = {
			isa = PBXGroup;
			children = (
				0D83AC3519F4D7540016DC1A /* Info.plist */,
			);
			name = "Supporting Files";
			sourceTree = "<group>";
		};
/* End PBXGroup section */

/* Begin PBXNativeTarget section */
		0D83AC1619F4D7540016DC1A /* SimpleDemo */ = {
			isa = PBXNativeTarget;
			buildConfigurationList = 0D83AC3A19F4D7540016DC1A /* Build configuration list for PBXNativeTarget "SimpleDemo" */;
			buildPhases = (
				0D83AC1319F4D7540016DC1A /* Sources */,
				0D83AC1419F4D7540016DC1A /* Frameworks */,
				0D83AC1519F4D7540016DC1A /* Resources */,
			);
			buildRules = (
			);
			dependencies = (
			);
			name = SimpleDemo;
			productName = SimpleDemo;
			productReference = 0D83AC1719F4D7540016DC1A /* SimpleDemo.app */;
			productType = "com.apple.product-type.application";
		};
		0D83AC2F19F4D7540016DC1A /* SimpleDemoTests */ = {
			isa = PBXNativeTarget;
			buildConfigurationList = 0D83AC3D19F4D7540016DC1A /* Build configuration list for PBXNativeTarget "SimpleDemoTests" */;
			buildPhases = (
				0D83AC2C19F4D7540016DC1A /* Sources */,
				0D83AC2D19F4D7540016DC1A /* Frameworks */,
				0D83AC2E19F4D7540016DC1A /* Resources */,
			);
			buildRules = (
			);
			dependencies = (
				0D83AC3219F4D7540016DC1A /* PBXTargetDependency */,
			);
			name = SimpleDemoTests;
			productName = SimpleDemoTests;
			productReference = 0D83AC3019F4D7540016DC1A /* SimpleDemoTests.xctest */;
			productType = "com.apple.product-type.bundle.unit-test";
		};
/* End PBXNativeTarget section */

/* Begin PBXProject section */
		0D83AC0F19F4D7540016DC1A /* Project object */ = {
			isa = PBXProject;
			attributes = {
				LastUpgradeCheck = 0600;
				ORGANIZATIONNAME = "omron inc.";
				TargetAttributes = {
					0D83AC1619F4D7540016DC1A = {
						CreatedOnToolsVersion = 6.0.1;
						DevelopmentTeam = NDQ5R8LMNE;
						SystemCapabilities = {
							com.apple.WAC = {
								enabled = 1;
							};
						};
					};
					0D83AC2F19F4D7540016DC1A = {
						CreatedOnToolsVersion = 6.0.1;
						TestTargetID = 0D83AC1619F4D7540016DC1A;
					};
				};
			};
			buildConfigurationList = 0D83AC1219F4D7540016DC1A /* Build configuration list for PBXProject "SimpleDemo" */;
			compatibilityVersion = "Xcode 3.2";
			developmentRegion = English;
			hasScannedForEncodings = 0;
			knownRegions = (
				en,
				Base,
			);
			mainGroup = 0D83AC0E19F4D7540016DC1A;
			productRefGroup = 0D83AC1819F4D7540016DC1A /* Products */;
			projectDirPath = "";
			projectRoot = "";
			targets = (
				0D83AC1619F4D7540016DC1A /* SimpleDemo */,
				0D83AC2F19F4D7540016DC1A /* SimpleDemoTests */,
			);
		};
/* End PBXProject section */

/* Begin PBXResourcesBuildPhase section */
		0D83AC1519F4D7540016DC1A /* Resources */ = {
			isa = PBXResourcesBuildPhase;
			buildActionMask = 2147483647;
			files = (
				59A696441A3075A9006E52C3 /* wakeSound.mp3 in Resources */,
				0D83AC2619F4D7540016DC1A /* Main.storyboard in Resources */,
				0D83AC2B19F4D7540016DC1A /* LaunchScreen.xib in Resources */,
				0D83AC2819F4D7540016DC1A /* Images.xcassets in Resources */,
			);
			runOnlyForDeploymentPostprocessing = 0;
		};
		0D83AC2E19F4D7540016DC1A /* Resources */ = {
			isa = PBXResourcesBuildPhase;
			buildActionMask = 2147483647;
			files = (
			);
			runOnlyForDeploymentPostprocessing = 0;
		};
/* End PBXResourcesBuildPhase section */

/* Begin PBXSourcesBuildPhase section */
		0D83AC1319F4D7540016DC1A /* Sources */ = {
			isa = PBXSourcesBuildPhase;
			buildActionMask = 2147483647;
			files = (
				0D83AC2319F4D7540016DC1A /* ViewController.m in Sources */,
				0D83AC2019F4D7540016DC1A /* AppDelegate.m in Sources */,
				0D83AC1D19F4D7540016DC1A /* main.m in Sources */,
			);
			runOnlyForDeploymentPostprocessing = 0;
		};
		0D83AC2C19F4D7540016DC1A /* Sources */ = {
			isa = PBXSourcesBuildPhase;
			buildActionMask = 2147483647;
			files = (
				0D83AC3719F4D7540016DC1A /* SimpleDemoTests.m in Sources */,
			);
			runOnlyForDeploymentPostprocessing = 0;
		};
/* End PBXSourcesBuildPhase section */

/* Begin PBXTargetDependency section */
		0D83AC3219F4D7540016DC1A /* PBXTargetDependency */ = {
			isa = PBXTargetDependency;
			target = 0D83AC1619F4D7540016DC1A /* SimpleDemo */;
			targetProxy = 0D83AC3119F4D7540016DC1A /* PBXContainerItemProxy */;
		};
/* End PBXTargetDependency section */

/* Begin PBXVariantGroup section */
		0D83AC2419F4D7540016DC1A /* Main.storyboard */ = {
			isa = PBXVariantGroup;
			children = (
				0D83AC2519F4D7540016DC1A /* Base */,
			);
			name = Main.storyboard;
			sourceTree = "<group>";
		};
		0D83AC2919F4D7540016DC1A /* LaunchScreen.xib */ = {
			isa = PBXVariantGroup;
			children = (
				0D83AC2A19F4D7540016DC1A /* Base */,
			);
			name = LaunchScreen.xib;
			sourceTree = "<group>";
		};
/* End PBXVariantGroup section */

/* Begin XCBuildConfiguration section */
		0D83AC3819F4D7540016DC1A /* Debug */ = {
			isa = XCBuildConfiguration;
			buildSettings = {
				ALWAYS_SEARCH_USER_PATHS = NO;
				CLANG_CXX_LANGUAGE_STANDARD = "gnu++0x";
				CLANG_CXX_LIBRARY = "libc++";
				CLANG_ENABLE_MODULES = YES;
				CLANG_ENABLE_OBJC_ARC = YES;
				CLANG_WARN_BOOL_CONVERSION = YES;
				CLANG_WARN_CONSTANT_CONVERSION = YES;
				CLANG_WARN_DIRECT_OBJC_ISA_USAGE = YES_ERROR;
				CLANG_WARN_EMPTY_BODY = YES;
				CLANG_WARN_ENUM_CONVERSION = YES;
				CLANG_WARN_INT_CONVERSION = YES;
				CLANG_WARN_OBJC_ROOT_CLASS = YES_ERROR;
				CLANG_WARN_UNREACHABLE_CODE = YES;
				CLANG_WARN__DUPLICATE_METHOD_MATCH = YES;
				"CODE_SIGN_IDENTITY[sdk=iphoneos*]" = "iPhone Developer";
				COPY_PHASE_STRIP = NO;
				ENABLE_STRICT_OBJC_MSGSEND = YES;
				GCC_C_LANGUAGE_STANDARD = gnu99;
				GCC_DYNAMIC_NO_PIC = NO;
				GCC_OPTIMIZATION_LEVEL = 0;
				GCC_PREPROCESSOR_DEFINITIONS = (
					"DEBUG=1",
					"$(inherited)",
				);
				GCC_SYMBOLS_PRIVATE_EXTERN = NO;
				GCC_WARN_64_TO_32_BIT_CONVERSION = YES;
				GCC_WARN_ABOUT_RETURN_TYPE = YES_ERROR;
				GCC_WARN_UNDECLARED_SELECTOR = YES;
				GCC_WARN_UNINITIALIZED_AUTOS = YES_AGGRESSIVE;
				GCC_WARN_UNUSED_FUNCTION = YES;
				GCC_WARN_UNUSED_VARIABLE = YES;
				IPHONEOS_DEPLOYMENT_TARGET = 8.1;
				MTL_ENABLE_DEBUG_INFO = YES;
				ONLY_ACTIVE_ARCH = YES;
				SDKROOT = iphoneos;
				TARGETED_DEVICE_FAMILY = "1,2";
			};
			name = Debug;
		};
		0D83AC3919F4D7540016DC1A /* Release */ = {
			isa = XCBuildConfiguration;
			buildSettings = {
				ALWAYS_SEARCH_USER_PATHS = NO;
				CLANG_CXX_LANGUAGE_STANDARD = "gnu++0x";
				CLANG_CXX_LIBRARY = "libc++";
				CLANG_ENABLE_MODULES = YES;
				CLANG_ENABLE_OBJC_ARC = YES;
				CLANG_WARN_BOOL_CONVERSION = YES;
				CLANG_WARN_CONSTANT_CONVERSION = YES;
				CLANG_WARN_DIRECT_OBJC_ISA_USAGE = YES_ERROR;
				CLANG_WARN_EMPTY_BODY = YES;
				CLANG_WARN_ENUM_CONVERSION = YES;
				CLANG_WARN_INT_CONVERSION = YES;
				CLANG_WARN_OBJC_ROOT_CLASS = YES_ERROR;
				CLANG_WARN_UNREACHABLE_CODE = YES;
				CLANG_WARN__DUPLICATE_METHOD_MATCH = YES;
				"CODE_SIGN_IDENTITY[sdk=iphoneos*]" = "iPhone Developer";
				COPY_PHASE_STRIP = YES;
				ENABLE_NS_ASSERTIONS = NO;
				ENABLE_STRICT_OBJC_MSGSEND = YES;
				GCC_C_LANGUAGE_STANDARD = gnu99;
				GCC_WARN_64_TO_32_BIT_CONVERSION = YES;
				GCC_WARN_ABOUT_RETURN_TYPE = YES_ERROR;
				GCC_WARN_UNDECLARED_SELECTOR = YES;
				GCC_WARN_UNINITIALIZED_AUTOS = YES_AGGRESSIVE;
				GCC_WARN_UNUSED_FUNCTION = YES;
				GCC_WARN_UNUSED_VARIABLE = YES;
				IPHONEOS_DEPLOYMENT_TARGET = 8.1;
				MTL_ENABLE_DEBUG_INFO = NO;
				SDKROOT = iphoneos;
				TARGETED_DEVICE_FAMILY = "1,2";
				VALIDATE_PRODUCT = YES;
			};
			name = Release;
		};
		0D83AC3B19F4D7540016DC1A /* Debug */ = {
			isa = XCBuildConfiguration;
			buildSettings = {
				ASSETCATALOG_COMPILER_APPICON_NAME = AppIcon;
				CODE_SIGN_ENTITLEMENTS = SimpleDemo/SimpleDemo.entitlements;
				CODE_SIGN_IDENTITY = "iPhone Developer";
				"CODE_SIGN_IDENTITY[sdk=iphoneos*]" = "iPhone Developer";
				INFOPLIST_FILE = SimpleDemo/Info.plist;
				LD_RUNPATH_SEARCH_PATHS = "$(inherited) @executable_path/Frameworks";
				LIBRARY_SEARCH_PATHS = (
					"$(inherited)",
					"$(USER_LIBRARY_DIR)/Developer/Xcode/DerivedData/SimpleDemo-cidccgdhtzezvfewbiyamydhruhd/Build/Products/Debug-iphoneos",
					"$(PROJECT_DIR)/bin",
				);
				PRODUCT_NAME = "$(TARGET_NAME)";
				PROVISIONING_PROFILE = "";
			};
			name = Debug;
		};
		0D83AC3C19F4D7540016DC1A /* Release */ = {
			isa = XCBuildConfiguration;
			buildSettings = {
				ASSETCATALOG_COMPILER_APPICON_NAME = AppIcon;
				CODE_SIGN_ENTITLEMENTS = SimpleDemo/SimpleDemo.entitlements;
				CODE_SIGN_IDENTITY = "iPhone Developer";
				"CODE_SIGN_IDENTITY[sdk=iphoneos*]" = "iPhone Developer";
				CONFIGURATION_BUILD_DIR = ./bin;
				INFOPLIST_FILE = SimpleDemo/Info.plist;
				LD_RUNPATH_SEARCH_PATHS = "$(inherited) @executable_path/Frameworks";
				LIBRARY_SEARCH_PATHS = (
					"$(inherited)",
					"$(USER_LIBRARY_DIR)/Developer/Xcode/DerivedData/SimpleDemo-cidccgdhtzezvfewbiyamydhruhd/Build/Products/Debug-iphoneos",
					"$(PROJECT_DIR)/bin",
				);
				ONLY_ACTIVE_ARCH = YES;
				PRODUCT_NAME = "$(TARGET_NAME)";
				PROVISIONING_PROFILE = "";
			};
			name = Release;
		};
		0D83AC3E19F4D7540016DC1A /* Debug */ = {
			isa = XCBuildConfiguration;
			buildSettings = {
				BUNDLE_LOADER = "$(TEST_HOST)";
				FRAMEWORK_SEARCH_PATHS = (
					"$(SDKROOT)/Developer/Library/Frameworks",
					"$(inherited)",
				);
				GCC_PREPROCESSOR_DEFINITIONS = (
					"DEBUG=1",
					"$(inherited)",
				);
				INFOPLIST_FILE = SimpleDemoTests/Info.plist;
				LD_RUNPATH_SEARCH_PATHS = "$(inherited) @executable_path/Frameworks @loader_path/Frameworks";
				PRODUCT_NAME = "$(TARGET_NAME)";
				TEST_HOST = "$(BUILT_PRODUCTS_DIR)/SimpleDemo.app/SimpleDemo";
			};
			name = Debug;
		};
		0D83AC3F19F4D7540016DC1A /* Release */ = {
			isa = XCBuildConfiguration;
			buildSettings = {
				BUNDLE_LOADER = "$(TEST_HOST)";
				FRAMEWORK_SEARCH_PATHS = (
					"$(SDKROOT)/Developer/Library/Frameworks",
					"$(inherited)",
				);
				INFOPLIST_FILE = SimpleDemoTests/Info.plist;
				LD_RUNPATH_SEARCH_PATHS = "$(inherited) @executable_path/Frameworks @loader_path/Frameworks";
				PRODUCT_NAME = "$(TARGET_NAME)";
				TEST_HOST = "$(BUILT_PRODUCTS_DIR)/SimpleDemo.app/SimpleDemo";
			};
			name = Release;
		};
/* End XCBuildConfiguration section */

/* Begin XCConfigurationList section */
		0D83AC1219F4D7540016DC1A /* Build configuration list for PBXProject "SimpleDemo" */ = {
			isa = XCConfigurationList;
			buildConfigurations = (
				0D83AC3819F4D7540016DC1A /* Debug */,
				0D83AC3919F4D7540016DC1A /* Release */,
			);
			defaultConfigurationIsVisible = 0;
			defaultConfigurationName = Release;
		};
		0D83AC3A19F4D7540016DC1A /* Build configuration list for PBXNativeTarget "SimpleDemo" */ = {
			isa = XCConfigurationList;
			buildConfigurations = (
				0D83AC3B19F4D7540016DC1A /* Debug */,
				0D83AC3C19F4D7540016DC1A /* Release */,
			);
			defaultConfigurationIsVisible = 0;
			defaultConfigurationName = Release;
		};
		0D83AC3D19F4D7540016DC1A /* Build configuration list for PBXNativeTarget "SimpleDemoTests" */ = {
			isa = XCConfigurationList;
			buildConfigurations = (
				0D83AC3E19F4D7540016DC1A /* Debug */,
				0D83AC3F19F4D7540016DC1A /* Release */,
			);
			defaultConfigurationIsVisible = 0;
			defaultConfigurationName = Release;
		};
/* End XCConfigurationList section */
	};
	rootObject = 0D83AC0F19F4D7540016DC1A /* Project object */;
}
